
Microsoft Visual Studio Solution File, Format Version 12.00
# Visual Studio Version 17
VisualStudioVersion = 17.9.34622.214
MinimumVisualStudioVersion = 10.0.40219.1
Project("{FAE04EC0-301F-11D3-BF4B-00C04F79EFBC}") = "lol-convert", "lol-convert\lol-convert.csproj", "{F97C9F06-C024-4CA0-AFDC-E09FD2E2251D}"
EndProject
Global
	GlobalSection(SolutionConfigurationPlatforms) = preSolution
		Debug|Any CPU = Debug|Any CPU
		Release|Any CPU = Release|Any CPU
	EndGlobalSection
	GlobalSection(ProjectConfigurationPlatforms) = postSolution
		{F97C9F06-C024-4CA0-AFDC-E09FD2E2251D}.Debug|Any CPU.ActiveCfg = Debug|Any CPU
		{F97C9F06-C024-4CA0-AFDC-E09FD2E2251D}.Debug|Any CPU.Build.0 = Debug|Any CPU
		{F97C9F06-C024-4CA0-AFDC-E09FD2E2251D}.Release|Any CPU.ActiveCfg = Release|Any CPU
		{F97C9F06-C024-4CA0-AFDC-E09FD2E2251D}.Release|Any CPU.Build.0 = Release|Any CPU
	EndGlobalSection
	GlobalSection(SolutionProperties) = preSolution
		HideSolutionNode = FALSE
	EndGlobalSection
	GlobalSection(ExtensibilityGlobals) = postSolution
		SolutionGuid = {39E9D8C6-96AD-46D2-B1E3-D954CCEFE85F}
	EndGlobalSection
EndGlobal
