
Microsoft Visual Studio Solution File, Format Version 12.00
# Visual Studio Version 17
VisualStudioVersion = 17.9.34622.214
MinimumVisualStudioVersion = 10.0.40219.1
Project("{9A19103F-16F7-4668-BE54-9A1E7A4F7556}") = "lol-convert", "lol-convert\lol-convert.csproj", "{F97C9F06-C024-4CA0-AFDC-E09FD2E2251D}"
EndProject
Project("{2150E333-8FDC-42A3-9474-1A3956D46DE8}") = "Solution Items", "Solution Items", "{DCC7C05E-8021-41D3-97CB-1EA9A73A5B78}"
	ProjectSection(SolutionItems) = preProject
		.editorconfig = .editorconfig
	EndProjectSection
EndProject
Global
	GlobalSection(SolutionConfigurationPlatforms) = preSolution
		Debug|Any CPU = Debug|Any CPU
		Release|Any CPU = Release|Any CPU
	EndGlobalSection
	GlobalSection(ProjectConfigurationPlatforms) = postSolution
		{F97C9F06-C024-4CA0-AFDC-E09FD2E2251D}.Debug|Any CPU.ActiveCfg = Debug|Any CPU
		{F97C9F06-C024-4CA0-AFDC-E09FD2E2251D}.Debug|Any CPU.Build.0 = Debug|Any CPU
		{F97C9F06-C024-4CA0-AFDC-E09FD2E2251D}.Release|Any CPU.ActiveCfg = Release|Any CPU
		{F97C9F06-C024-4CA0-AFDC-E09FD2E2251D}.Release|Any CPU.Build.0 = Release|Any CPU
	EndGlobalSection
	GlobalSection(SolutionProperties) = preSolution
		HideSolutionNode = FALSE
	EndGlobalSection
	GlobalSection(ExtensibilityGlobals) = postSolution
		SolutionGuid = {39E9D8C6-96AD-46D2-B1E3-D954CCEFE85F}
	EndGlobalSection
EndGlobal
